
Microsoft Visual Studio Solution File, Format Version 12.00
# Visual Studio Version 16
VisualStudioVersion = 16.0.30717.126
MinimumVisualStudioVersion = 10.0.40219.1
Project("{FAE04EC0-301F-11D3-BF4B-00C04F79EFBC}") = "Exerise1", "Exerise1\Exerise1.csproj", "{6765C62F-36D2-40AB-B5C5-483FB6D3F031}"
EndProject
Global
	GlobalSection(SolutionConfigurationPlatforms) = preSolution
		Debug|Any CPU = Debug|Any CPU
		Release|Any CPU = Release|Any CPU
	EndGlobalSection
	GlobalSection(ProjectConfigurationPlatforms) = postSolution
		{6765C62F-36D2-40AB-B5C5-483FB6D3F031}.Debug|Any CPU.ActiveCfg = Debug|Any CPU
		{6765C62F-36D2-40AB-B5C5-483FB6D3F031}.Debug|Any CPU.Build.0 = Debug|Any CPU
		{6765C62F-36D2-40AB-B5C5-483FB6D3F031}.Release|Any CPU.ActiveCfg = Release|Any CPU
		{6765C62F-36D2-40AB-B5C5-483FB6D3F031}.Release|Any CPU.Build.0 = Release|Any CPU
	EndGlobalSection
	GlobalSection(SolutionProperties) = preSolution
		HideSolutionNode = FALSE
	EndGlobalSection
	GlobalSection(ExtensibilityGlobals) = postSolution
		SolutionGuid = {27356345-EA5B-4CCB-A393-9D45CAD46FF8}
	EndGlobalSection
EndGlobal
